// !$*UTF8*$!
{
	archiveVersion = 1;
	classes = {
	};
	objectVersion = 46;
	objects = {

/* Begin PBXBuildFile section */
		BFEC58CB1CADE07A008A325D /* AppDelegate.swift in Sources */ = {isa = PBXBuildFile; fileRef = BFEC58CA1CADE07A008A325D /* AppDelegate.swift */; };
		BFEC58CD1CADE07A008A325D /* ViewController.swift in Sources */ = {isa = PBXBuildFile; fileRef = BFEC58CC1CADE07A008A325D /* ViewController.swift */; };
		BFEC58D01CADE07A008A325D /* Main.storyboard in Resources */ = {isa = PBXBuildFile; fileRef = BFEC58CE1CADE07A008A325D /* Main.storyboard */; };
		BFEC58D21CADE07A008A325D /* Assets.xcassets in Resources */ = {isa = PBXBuildFile; fileRef = BFEC58D11CADE07A008A325D /* Assets.xcassets */; };
		BFEC58D51CADE07A008A325D /* LaunchScreen.storyboard in Resources */ = {isa = PBXBuildFile; fileRef = BFEC58D31CADE07A008A325D /* LaunchScreen.storyboard */; };
		BFEC58E01CADE07A008A325D /* FoodTrackerTests.swift in Sources */ = {isa = PBXBuildFile; fileRef = BFEC58DF1CADE07A008A325D /* FoodTrackerTests.swift */; };
/* End PBXBuildFile section */

/* Begin PBXContainerItemProxy section */
		BFEC58DC1CADE07A008A325D /* PBXContainerItemProxy */ = {
			isa = PBXContainerItemProxy;
			containerPortal = BFEC58BF1CADE07A008A325D /* Project object */;
			proxyType = 1;
			remoteGlobalIDString = BFEC58C61CADE07A008A325D;
			remoteInfo = FoodTracker;
		};
/* End PBXContainerItemProxy section */

/* Begin PBXFileReference section */
		BFEC58C71CADE07A008A325D /* FoodTracker.app */ = {isa = PBXFileReference; explicitFileType = wrapper.application; includeInIndex = 0; path = FoodTracker.app; sourceTree = BUILT_PRODUCTS_DIR; };
		BFEC58CA1CADE07A008A325D /* AppDelegate.swift */ = {isa = PBXFileReference; lastKnownFileType = sourcecode.swift; path = AppDelegate.swift; sourceTree = "<group>"; };
		BFEC58CC1CADE07A008A325D /* ViewController.swift */ = {isa = PBXFileReference; lastKnownFileType = sourcecode.swift; path = ViewController.swift; sourceTree = "<group>"; };
		BFEC58CF1CADE07A008A325D /* Base */ = {isa = PBXFileReference; lastKnownFileType = file.storyboard; name = Base; path = Base.lproj/Main.storyboard; sourceTree = "<group>"; };
		BFEC58D11CADE07A008A325D /* Assets.xcassets */ = {isa = PBXFileReference; lastKnownFileType = folder.assetcatalog; path = Assets.xcassets; sourceTree = "<group>"; };
		BFEC58D41CADE07A008A325D /* Base */ = {isa = PBXFileReference; lastKnownFileType = file.storyboard; name = Base; path = Base.lproj/LaunchScreen.storyboard; sourceTree = "<group>"; };
		BFEC58D61CADE07A008A325D /* Info.plist */ = {isa = PBXFileReference; lastKnownFileType = text.plist.xml; path = Info.plist; sourceTree = "<group>"; };
		BFEC58DB1CADE07A008A325D /* FoodTrackerTests.xctest */ = {isa = PBXFileReference; explicitFileType = wrapper.cfbundle; includeInIndex = 0; path = FoodTrackerTests.xctest; sourceTree = BUILT_PRODUCTS_DIR; };
		BFEC58DF1CADE07A008A325D /* FoodTrackerTests.swift */ = {isa = PBXFileReference; lastKnownFileType = sourcecode.swift; path = FoodTrackerTests.swift; sourceTree = "<group>"; };
		BFEC58E11CADE07A008A325D /* Info.plist */ = {isa = PBXFileReference; lastKnownFileType = text.plist.xml; path = Info.plist; sourceTree = "<group>"; };
/* End PBXFileReference section */

/* Begin PBXFrameworksBuildPhase section */
		BFEC58C41CADE07A008A325D /* Frameworks */ = {
			isa = PBXFrameworksBuildPhase;
			buildActionMask = 2147483647;
			files = (
			);
			runOnlyForDeploymentPostprocessing = 0;
		};
		BFEC58D81CADE07A008A325D /* Frameworks */ = {
			isa = PBXFrameworksBuildPhase;
			buildActionMask = 2147483647;
			files = (
			);
			runOnlyForDeploymentPostprocessing = 0;
		};
/* End PBXFrameworksBuildPhase section */

/* Begin PBXGroup section */
		BFEC58BE1CADE07A008A325D = {
			isa = PBXGroup;
			children = (
				BFEC58C91CADE07A008A325D /* FoodTracker */,
				BFEC58DE1CADE07A008A325D /* FoodTrackerTests */,
				BFEC58C81CADE07A008A325D /* Products */,
			);
			sourceTree = "<group>";
		};
		BFEC58C81CADE07A008A325D /* Products */ = {
			isa = PBXGroup;
			children = (
				BFEC58C71CADE07A008A325D /* FoodTracker.app */,
				BFEC58DB1CADE07A008A325D /* FoodTrackerTests.xctest */,
			);
			name = Products;
			sourceTree = "<group>";
		};
		BFEC58C91CADE07A008A325D /* FoodTracker */ = {
			isa = PBXGroup;
			children = (
				BFEC58CA1CADE07A008A325D /* AppDelegate.swift */,
				BFEC58CC1CADE07A008A325D /* ViewController.swift */,
				BFEC58CE1CADE07A008A325D /* Main.storyboard */,
				BFEC58D11CADE07A008A325D /* Assets.xcassets */,
				BFEC58D31CADE07A008A325D /* LaunchScreen.storyboard */,
				BFEC58D61CADE07A008A325D /* Info.plist */,
			);
			path = FoodTracker;
			sourceTree = "<group>";
		};
		BFEC58DE1CADE07A008A325D /* FoodTrackerTests */ = {
			isa = PBXGroup;
			children = (
				BFEC58DF1CADE07A008A325D /* FoodTrackerTests.swift */,
				BFEC58E11CADE07A008A325D /* Info.plist */,
			);
			path = FoodTrackerTests;
			sourceTree = "<group>";
		};
/* End PBXGroup section */

/* Begin PBXNativeTarget section */
		BFEC58C61CADE07A008A325D /* FoodTracker */ = {
			isa = PBXNativeTarget;
			buildConfigurationList = BFEC58E41CADE07A008A325D /* Build configuration list for PBXNativeTarget "FoodTracker" */;
			buildPhases = (
				BFEC58C31CADE07A008A325D /* Sources */,
				BFEC58C41CADE07A008A325D /* Frameworks */,
				BFEC58C51CADE07A008A325D /* Resources */,
			);
			buildRules = (
			);
			dependencies = (
			);
			name = FoodTracker;
			productName = FoodTracker;
			productReference = BFEC58C71CADE07A008A325D /* FoodTracker.app */;
			productType = "com.apple.product-type.application";
		};
		BFEC58DA1CADE07A008A325D /* FoodTrackerTests */ = {
			isa = PBXNativeTarget;
			buildConfigurationList = BFEC58E71CADE07A008A325D /* Build configuration list for PBXNativeTarget "FoodTrackerTests" */;
			buildPhases = (
				BFEC58D71CADE07A008A325D /* Sources */,
				BFEC58D81CADE07A008A325D /* Frameworks */,
				BFEC58D91CADE07A008A325D /* Resources */,
			);
			buildRules = (
			);
			dependencies = (
				BFEC58DD1CADE07A008A325D /* PBXTargetDependency */,
			);
			name = FoodTrackerTests;
			productName = FoodTrackerTests;
			productReference = BFEC58DB1CADE07A008A325D /* FoodTrackerTests.xctest */;
			productType = "com.apple.product-type.bundle.unit-test";
		};
/* End PBXNativeTarget section */

/* Begin PBXProject section */
		BFEC58BF1CADE07A008A325D /* Project object */ = {
			isa = PBXProject;
			attributes = {
				LastSwiftUpdateCheck = 0730;
				LastUpgradeCheck = 0730;
				ORGANIZATIONNAME = "Louis Wheeler";
				TargetAttributes = {
					BFEC58C61CADE07A008A325D = {
						CreatedOnToolsVersion = 7.3;
						DevelopmentTeam = F5REL92A7M;
					};
					BFEC58DA1CADE07A008A325D = {
						CreatedOnToolsVersion = 7.3;
						TestTargetID = BFEC58C61CADE07A008A325D;
					};
				};
			};
			buildConfigurationList = BFEC58C21CADE07A008A325D /* Build configuration list for PBXProject "FoodTracker" */;
			compatibilityVersion = "Xcode 3.2";
			developmentRegion = English;
			hasScannedForEncodings = 0;
			knownRegions = (
				en,
				Base,
			);
			mainGroup = BFEC58BE1CADE07A008A325D;
			productRefGroup = BFEC58C81CADE07A008A325D /* Products */;
			projectDirPath = "";
			projectRoot = "";
			targets = (
				BFEC58C61CADE07A008A325D /* FoodTracker */,
				BFEC58DA1CADE07A008A325D /* FoodTrackerTests */,
			);
		};
/* End PBXProject section */

/* Begin PBXResourcesBuildPhase section */
		BFEC58C51CADE07A008A325D /* Resources */ = {
			isa = PBXResourcesBuildPhase;
			buildActionMask = 2147483647;
			files = (
				BFEC58D51CADE07A008A325D /* LaunchScreen.storyboard in Resources */,
				BFEC58D21CADE07A008A325D /* Assets.xcassets in Resources */,
				BFEC58D01CADE07A008A325D /* Main.storyboard in Resources */,
			);
			runOnlyForDeploymentPostprocessing = 0;
		};
		BFEC58D91CADE07A008A325D /* Resources */ = {
			isa = PBXResourcesBuildPhase;
			buildActionMask = 2147483647;
			files = (
			);
			runOnlyForDeploymentPostprocessing = 0;
		};
/* End PBXResourcesBuildPhase section */

/* Begin PBXSourcesBuildPhase section */
		BFEC58C31CADE07A008A325D /* Sources */ = {
			isa = PBXSourcesBuildPhase;
			buildActionMask = 2147483647;
			files = (
				BFEC58CD1CADE07A008A325D /* ViewController.swift in Sources */,
				BFEC58CB1CADE07A008A325D /* AppDelegate.swift in Sources */,
			);
			runOnlyForDeploymentPostprocessing = 0;
		};
		BFEC58D71CADE07A008A325D /* Sources */ = {
			isa = PBXSourcesBuildPhase;
			buildActionMask = 2147483647;
			files = (
				BFEC58E01CADE07A008A325D /* FoodTrackerTests.swift in Sources */,
			);
			runOnlyForDeploymentPostprocessing = 0;
		};
/* End PBXSourcesBuildPhase section */

/* Begin PBXTargetDependency section */
		BFEC58DD1CADE07A008A325D /* PBXTargetDependency */ = {
			isa = PBXTargetDependency;
			target = BFEC58C61CADE07A008A325D /* FoodTracker */;
			targetProxy = BFEC58DC1CADE07A008A325D /* PBXContainerItemProxy */;
		};
/* End PBXTargetDependency section */

/* Begin PBXVariantGroup section */
		BFEC58CE1CADE07A008A325D /* Main.storyboard */ = {
			isa = PBXVariantGroup;
			children = (
				BFEC58CF1CADE07A008A325D /* Base */,
			);
			name = Main.storyboard;
			sourceTree = "<group>";
		};
		BFEC58D31CADE07A008A325D /* LaunchScreen.storyboard */ = {
			isa = PBXVariantGroup;
			children = (
				BFEC58D41CADE07A008A325D /* Base */,
			);
			name = LaunchScreen.storyboard;
			sourceTree = "<group>";
		};
/* End PBXVariantGroup section */

/* Begin XCBuildConfiguration section */
		BFEC58E21CADE07A008A325D /* Debug */ = {
			isa = XCBuildConfiguration;
			buildSettings = {
				ALWAYS_SEARCH_USER_PATHS = NO;
				CLANG_ANALYZER_NONNULL = YES;
				CLANG_CXX_LANGUAGE_STANDARD = "gnu++0x";
				CLANG_CXX_LIBRARY = "libc++";
				CLANG_ENABLE_MODULES = YES;
				CLANG_ENABLE_OBJC_ARC = YES;
				CLANG_WARN_BOOL_CONVERSION = YES;
				CLANG_WARN_CONSTANT_CONVERSION = YES;
				CLANG_WARN_DIRECT_OBJC_ISA_USAGE = YES_ERROR;
				CLANG_WARN_EMPTY_BODY = YES;
				CLANG_WARN_ENUM_CONVERSION = YES;
				CLANG_WARN_INT_CONVERSION = YES;
				CLANG_WARN_OBJC_ROOT_CLASS = YES_ERROR;
				CLANG_WARN_UNREACHABLE_CODE = YES;
				CLANG_WARN__DUPLICATE_METHOD_MATCH = YES;
				"CODE_SIGN_IDENTITY[sdk=iphoneos*]" = "iPhone Developer";
				COPY_PHASE_STRIP = NO;
				DEBUG_INFORMATION_FORMAT = dwarf;
				ENABLE_STRICT_OBJC_MSGSEND = YES;
				ENABLE_TESTABILITY = YES;
				GCC_C_LANGUAGE_STANDARD = gnu99;
				GCC_DYNAMIC_NO_PIC = NO;
				GCC_NO_COMMON_BLOCKS = YES;
				GCC_OPTIMIZATION_LEVEL = 0;
				GCC_PREPROCESSOR_DEFINITIONS = (
					"DEBUG=1",
					"$(inherited)",
				);
				GCC_WARN_64_TO_32_BIT_CONVERSION = YES;
				GCC_WARN_ABOUT_RETURN_TYPE = YES_ERROR;
				GCC_WARN_UNDECLARED_SELECTOR = YES;
				GCC_WARN_UNINITIALIZED_AUTOS = YES_AGGRESSIVE;
				GCC_WARN_UNUSED_FUNCTION = YES;
				GCC_WARN_UNUSED_VARIABLE = YES;
				IPHONEOS_DEPLOYMENT_TARGET = 9.3;
				MTL_ENABLE_DEBUG_INFO = YES;
				ONLY_ACTIVE_ARCH = YES;
				SDKROOT = iphoneos;
				SWIFT_OPTIMIZATION_LEVEL = "-Onone";
				TARGETED_DEVICE_FAMILY = "1,2";
			};
			name = Debug;
		};
		BFEC58E31CADE07A008A325D /* Release */ = {
			isa = XCBuildConfiguration;
			buildSettings = {
				ALWAYS_SEARCH_USER_PATHS = NO;
				CLANG_ANALYZER_NONNULL = YES;
				CLANG_CXX_LANGUAGE_STANDARD = "gnu++0x";
				CLANG_CXX_LIBRARY = "libc++";
				CLANG_ENABLE_MODULES = YES;
				CLANG_ENABLE_OBJC_ARC = YES;
				CLANG_WARN_BOOL_CONVERSION = YES;
				CLANG_WARN_CONSTANT_CONVERSION = YES;
				CLANG_WARN_DIRECT_OBJC_ISA_USAGE = YES_ERROR;
				CLANG_WARN_EMPTY_BODY = YES;
				CLANG_WARN_ENUM_CONVERSION = YES;
				CLANG_WARN_INT_CONVERSION = YES;
				CLANG_WARN_OBJC_ROOT_CLASS = YES_ERROR;
				CLANG_WARN_UNREACHABLE_CODE = YES;
				CLANG_WARN__DUPLICATE_METHOD_MATCH = YES;
				"CODE_SIGN_IDENTITY[sdk=iphoneos*]" = "iPhone Developer";
				COPY_PHASE_STRIP = NO;
				DEBUG_INFORMATION_FORMAT = "dwarf-with-dsym";
				ENABLE_NS_ASSERTIONS = NO;
				ENABLE_STRICT_OBJC_MSGSEND = YES;
				GCC_C_LANGUAGE_STANDARD = gnu99;
				GCC_NO_COMMON_BLOCKS = YES;
				GCC_WARN_64_TO_32_BIT_CONVERSION = YES;
				GCC_WARN_ABOUT_RETURN_TYPE = YES_ERROR;
				GCC_WARN_UNDECLARED_SELECTOR = YES;
				GCC_WARN_UNINITIALIZED_AUTOS = YES_AGGRESSIVE;
				GCC_WARN_UNUSED_FUNCTION = YES;
				GCC_WARN_UNUSED_VARIABLE = YES;
				IPHONEOS_DEPLOYMENT_TARGET = 9.3;
				MTL_ENABLE_DEBUG_INFO = NO;
				SDKROOT = iphoneos;
				TARGETED_DEVICE_FAMILY = "1,2";
				VALIDATE_PRODUCT = YES;
			};
			name = Release;
		};
		BFEC58E51CADE07A008A325D /* Debug */ = {
			isa = XCBuildConfiguration;
			buildSettings = {
				ASSETCATALOG_COMPILER_APPICON_NAME = AppIcon;
				CODE_SIGN_IDENTITY = "iPhone Developer";
				"CODE_SIGN_IDENTITY[sdk=iphoneos*]" = "iPhone Developer";
				INFOPLIST_FILE = FoodTracker/Info.plist;
				LD_RUNPATH_SEARCH_PATHS = "$(inherited) @executable_path/Frameworks";
				PRODUCT_BUNDLE_IDENTIFIER = com.louiswheeleriv.FoodTracker;
				PRODUCT_NAME = "$(TARGET_NAME)";
				PROVISIONING_PROFILE = "";
			};
			name = Debug;
		};
		BFEC58E61CADE07A008A325D /* Release */ = {
			isa = XCBuildConfiguration;
			buildSettings = {
				ASSETCATALOG_COMPILER_APPICON_NAME = AppIcon;
				CODE_SIGN_IDENTITY = "iPhone Developer";
				"CODE_SIGN_IDENTITY[sdk=iphoneos*]" = "iPhone Developer";
				INFOPLIST_FILE = FoodTracker/Info.plist;
				LD_RUNPATH_SEARCH_PATHS = "$(inherited) @executable_path/Frameworks";
				PRODUCT_BUNDLE_IDENTIFIER = com.louiswheeleriv.FoodTracker;
				PRODUCT_NAME = "$(TARGET_NAME)";
				PROVISIONING_PROFILE = "";
			};
			name = Release;
		};
		BFEC58E81CADE07A008A325D /* Debug */ = {
			isa = XCBuildConfiguration;
			buildSettings = {
				BUNDLE_LOADER = "$(TEST_HOST)";
				INFOPLIST_FILE = FoodTrackerTests/Info.plist;
				LD_RUNPATH_SEARCH_PATHS = "$(inherited) @executable_path/Frameworks @loader_path/Frameworks";
				PRODUCT_BUNDLE_IDENTIFIER = com.louiswheeleriv.FoodTrackerTests;
				PRODUCT_NAME = "$(TARGET_NAME)";
				TEST_HOST = "$(BUILT_PRODUCTS_DIR)/FoodTracker.app/FoodTracker";
			};
			name = Debug;
		};
		BFEC58E91CADE07A008A325D /* Release */ = {
			isa = XCBuildConfiguration;
			buildSettings = {
				BUNDLE_LOADER = "$(TEST_HOST)";
				INFOPLIST_FILE = FoodTrackerTests/Info.plist;
				LD_RUNPATH_SEARCH_PATHS = "$(inherited) @executable_path/Frameworks @loader_path/Frameworks";
				PRODUCT_BUNDLE_IDENTIFIER = com.louiswheeleriv.FoodTrackerTests;
				PRODUCT_NAME = "$(TARGET_NAME)";
				TEST_HOST = "$(BUILT_PRODUCTS_DIR)/FoodTracker.app/FoodTracker";
			};
			name = Release;
		};
/* End XCBuildConfiguration section */

/* Begin XCConfigurationList section */
		BFEC58C21CADE07A008A325D /* Build configuration list for PBXProject "FoodTracker" */ = {
			isa = XCConfigurationList;
			buildConfigurations = (
				BFEC58E21CADE07A008A325D /* Debug */,
				BFEC58E31CADE07A008A325D /* Release */,
			);
			defaultConfigurationIsVisible = 0;
			defaultConfigurationName = Release;
		};
		BFEC58E41CADE07A008A325D /* Build configuration list for PBXNativeTarget "FoodTracker" */ = {
			isa = XCConfigurationList;
			buildConfigurations = (
				BFEC58E51CADE07A008A325D /* Debug */,
				BFEC58E61CADE07A008A325D /* Release */,
			);
			defaultConfigurationIsVisible = 0;
		};
		BFEC58E71CADE07A008A325D /* Build configuration list for PBXNativeTarget "FoodTrackerTests" */ = {
			isa = XCConfigurationList;
			buildConfigurations = (
				BFEC58E81CADE07A008A325D /* Debug */,
				BFEC58E91CADE07A008A325D /* Release */,
			);
			defaultConfigurationIsVisible = 0;
		};
/* End XCConfigurationList section */
	};
	rootObject = BFEC58BF1CADE07A008A325D /* Project object */;
}
